// !$*UTF8*$!
{
	archiveVersion = 1;
	classes = {
	};
	objectVersion = 56;
	objects = {

/* Begin PBXBuildFile section */
		70291F2C2ADD0ACD00B7920A /* DetailsPersonageViewController.swift in Sources */ = {isa = PBXBuildFile; fileRef = 70291F2B2ADD0ACD00B7920A /* DetailsPersonageViewController.swift */; };
		70291F2E2ADD31C900B7920A /* EpisodeTableCellViewModel.swift in Sources */ = {isa = PBXBuildFile; fileRef = 70291F2D2ADD31C900B7920A /* EpisodeTableCellViewModel.swift */; };
		70291F302ADD49E900B7920A /* BaseTableViewCell.swift in Sources */ = {isa = PBXBuildFile; fileRef = 70291F2F2ADD49E900B7920A /* BaseTableViewCell.swift */; };
		70291F322ADD4C1A00B7920A /* EpisodeCell.swift in Sources */ = {isa = PBXBuildFile; fileRef = 70291F312ADD4C1A00B7920A /* EpisodeCell.swift */; };
		70291F342ADD584B00B7920A /* DetailsPersonageViewController+TableView.swift in Sources */ = {isa = PBXBuildFile; fileRef = 70291F332ADD584B00B7920A /* DetailsPersonageViewController+TableView.swift */; };
		70CF8EFF2ADACE24006E4971 /* AppDelegate.swift in Sources */ = {isa = PBXBuildFile; fileRef = 70CF8EFE2ADACE24006E4971 /* AppDelegate.swift */; };
		70CF8F012ADACE24006E4971 /* SceneDelegate.swift in Sources */ = {isa = PBXBuildFile; fileRef = 70CF8F002ADACE24006E4971 /* SceneDelegate.swift */; };
		70CF8F032ADACE24006E4971 /* MainViewController.swift in Sources */ = {isa = PBXBuildFile; fileRef = 70CF8F022ADACE24006E4971 /* MainViewController.swift */; };
		70CF8F082ADACE26006E4971 /* Assets.xcassets in Resources */ = {isa = PBXBuildFile; fileRef = 70CF8F072ADACE26006E4971 /* Assets.xcassets */; };
		70CF8F0B2ADACE26006E4971 /* LaunchScreen.storyboard in Resources */ = {isa = PBXBuildFile; fileRef = 70CF8F092ADACE26006E4971 /* LaunchScreen.storyboard */; };
		70CF8F1F2ADAD23B006E4971 /* MainViewModel.swift in Sources */ = {isa = PBXBuildFile; fileRef = 70CF8F1E2ADAD23B006E4971 /* MainViewModel.swift */; };
		70CF8F212ADAD26C006E4971 /* Observable.swift in Sources */ = {isa = PBXBuildFile; fileRef = 70CF8F202ADAD26C006E4971 /* Observable.swift */; };
		70CF8F232ADAD289006E4971 /* NetworkConstant.swift in Sources */ = {isa = PBXBuildFile; fileRef = 70CF8F222ADAD289006E4971 /* NetworkConstant.swift */; };
		70CF8F252ADAD295006E4971 /* APICaller.swift in Sources */ = {isa = PBXBuildFile; fileRef = 70CF8F242ADAD295006E4971 /* APICaller.swift */; };
		70CF8F272ADAD536006E4971 /* Model.swift in Sources */ = {isa = PBXBuildFile; fileRef = 70CF8F262ADAD536006E4971 /* Model.swift */; };
		70CF8F292ADADB99006E4971 /* PersonageTableCellViewModel.swift in Sources */ = {isa = PBXBuildFile; fileRef = 70CF8F282ADADB99006E4971 /* PersonageTableCellViewModel.swift */; };
		70CF8F2B2ADADBB5006E4971 /* DetailsPersonageViewModel.swift in Sources */ = {isa = PBXBuildFile; fileRef = 70CF8F2A2ADADBB5006E4971 /* DetailsPersonageViewModel.swift */; };
		70CF8F2E2ADADE07006E4971 /* SDWebImage in Frameworks */ = {isa = PBXBuildFile; productRef = 70CF8F2D2ADADE07006E4971 /* SDWebImage */; };
		70CF8F302ADADE07006E4971 /* SDWebImageMapKit in Frameworks */ = {isa = PBXBuildFile; productRef = 70CF8F2F2ADADE07006E4971 /* SDWebImageMapKit */; };
		70CF8F322ADADF6A006E4971 /* PersonageCell.swift in Sources */ = {isa = PBXBuildFile; fileRef = 70CF8F312ADADF69006E4971 /* PersonageCell.swift */; };
		70CF8F352ADAE31C006E4971 /* SnapKit in Frameworks */ = {isa = PBXBuildFile; productRef = 70CF8F342ADAE31C006E4971 /* SnapKit */; };
		70CF8F372ADAE31C006E4971 /* SnapKit-Dynamic in Frameworks */ = {isa = PBXBuildFile; productRef = 70CF8F362ADAE31C006E4971 /* SnapKit-Dynamic */; };
		70CF8F392ADAE59C006E4971 /* MainViewController+TableView.swift in Sources */ = {isa = PBXBuildFile; fileRef = 70CF8F382ADAE59C006E4971 /* MainViewController+TableView.swift */; };
		70CF8F3B2ADAE5E0006E4971 /* UIColorExtensions.swift in Sources */ = {isa = PBXBuildFile; fileRef = 70CF8F3A2ADAE5E0006E4971 /* UIColorExtensions.swift */; };
		70CF8F3D2ADBC290006E4971 /* UIView.swift in Sources */ = {isa = PBXBuildFile; fileRef = 70CF8F3C2ADBC290006E4971 /* UIView.swift */; };
		70FD207C2AFA29DB00A3E72F /* GoogleService-Info.plist in Resources */ = {isa = PBXBuildFile; fileRef = 70FD207B2AFA29DB00A3E72F /* GoogleService-Info.plist */; };
		70FD208B2AFA2A2700A3E72F /* FirebaseAuth in Frameworks */ = {isa = PBXBuildFile; productRef = 70FD208A2AFA2A2700A3E72F /* FirebaseAuth */; };
		70FD20912AFA2A2700A3E72F /* FirebaseDatabase in Frameworks */ = {isa = PBXBuildFile; productRef = 70FD20902AFA2A2700A3E72F /* FirebaseDatabase */; };
		70FD20B52AFA2AD800A3E72F /* LoginViewController.swift in Sources */ = {isa = PBXBuildFile; fileRef = 70FD20B42AFA2AD800A3E72F /* LoginViewController.swift */; };
		70FD20B72AFA365700A3E72F /* LoginViewController+ConfigView.swift in Sources */ = {isa = PBXBuildFile; fileRef = 70FD20B62AFA365700A3E72F /* LoginViewController+ConfigView.swift */; };
		70FD20BB2AFA41D300A3E72F /* User.swift in Sources */ = {isa = PBXBuildFile; fileRef = 70FD20BA2AFA41D300A3E72F /* User.swift */; };
		70FD20BE2AFA5FB800A3E72F /* LogoutViewController.swift in Sources */ = {isa = PBXBuildFile; fileRef = 70FD20BD2AFA5FB800A3E72F /* LogoutViewController.swift */; };
		70FD20C12AFBDC2D00A3E72F /* TabBarController.swift in Sources */ = {isa = PBXBuildFile; fileRef = 70FD20C02AFBDC2D00A3E72F /* TabBarController.swift */; };
/* End PBXBuildFile section */

/* Begin PBXFileReference section */
		70291F2B2ADD0ACD00B7920A /* DetailsPersonageViewController.swift */ = {isa = PBXFileReference; lastKnownFileType = sourcecode.swift; path = DetailsPersonageViewController.swift; sourceTree = "<group>"; };
		70291F2D2ADD31C900B7920A /* EpisodeTableCellViewModel.swift */ = {isa = PBXFileReference; lastKnownFileType = sourcecode.swift; path = EpisodeTableCellViewModel.swift; sourceTree = "<group>"; };
		70291F2F2ADD49E900B7920A /* BaseTableViewCell.swift */ = {isa = PBXFileReference; lastKnownFileType = sourcecode.swift; path = BaseTableViewCell.swift; sourceTree = "<group>"; };
		70291F312ADD4C1A00B7920A /* EpisodeCell.swift */ = {isa = PBXFileReference; lastKnownFileType = sourcecode.swift; path = EpisodeCell.swift; sourceTree = "<group>"; };
		70291F332ADD584B00B7920A /* DetailsPersonageViewController+TableView.swift */ = {isa = PBXFileReference; lastKnownFileType = sourcecode.swift; path = "DetailsPersonageViewController+TableView.swift"; sourceTree = "<group>"; };
		70CF8EFB2ADACE24006E4971 /* RickAndMorty.app */ = {isa = PBXFileReference; explicitFileType = wrapper.application; includeInIndex = 0; path = RickAndMorty.app; sourceTree = BUILT_PRODUCTS_DIR; };
		70CF8EFE2ADACE24006E4971 /* AppDelegate.swift */ = {isa = PBXFileReference; lastKnownFileType = sourcecode.swift; path = AppDelegate.swift; sourceTree = "<group>"; };
		70CF8F002ADACE24006E4971 /* SceneDelegate.swift */ = {isa = PBXFileReference; lastKnownFileType = sourcecode.swift; path = SceneDelegate.swift; sourceTree = "<group>"; };
		70CF8F022ADACE24006E4971 /* MainViewController.swift */ = {isa = PBXFileReference; lastKnownFileType = sourcecode.swift; path = MainViewController.swift; sourceTree = "<group>"; };
		70CF8F072ADACE26006E4971 /* Assets.xcassets */ = {isa = PBXFileReference; lastKnownFileType = folder.assetcatalog; path = Assets.xcassets; sourceTree = "<group>"; };
		70CF8F0A2ADACE26006E4971 /* Base */ = {isa = PBXFileReference; lastKnownFileType = file.storyboard; name = Base; path = Base.lproj/LaunchScreen.storyboard; sourceTree = "<group>"; };
		70CF8F0C2ADACE26006E4971 /* Info.plist */ = {isa = PBXFileReference; lastKnownFileType = text.plist.xml; path = Info.plist; sourceTree = "<group>"; };
		70CF8F1E2ADAD23B006E4971 /* MainViewModel.swift */ = {isa = PBXFileReference; lastKnownFileType = sourcecode.swift; path = MainViewModel.swift; sourceTree = "<group>"; };
		70CF8F202ADAD26C006E4971 /* Observable.swift */ = {isa = PBXFileReference; lastKnownFileType = sourcecode.swift; path = Observable.swift; sourceTree = "<group>"; };
		70CF8F222ADAD289006E4971 /* NetworkConstant.swift */ = {isa = PBXFileReference; lastKnownFileType = sourcecode.swift; path = NetworkConstant.swift; sourceTree = "<group>"; };
		70CF8F242ADAD295006E4971 /* APICaller.swift */ = {isa = PBXFileReference; lastKnownFileType = sourcecode.swift; path = APICaller.swift; sourceTree = "<group>"; };
		70CF8F262ADAD536006E4971 /* Model.swift */ = {isa = PBXFileReference; lastKnownFileType = sourcecode.swift; path = Model.swift; sourceTree = "<group>"; };
		70CF8F282ADADB99006E4971 /* PersonageTableCellViewModel.swift */ = {isa = PBXFileReference; lastKnownFileType = sourcecode.swift; path = PersonageTableCellViewModel.swift; sourceTree = "<group>"; };
		70CF8F2A2ADADBB5006E4971 /* DetailsPersonageViewModel.swift */ = {isa = PBXFileReference; lastKnownFileType = sourcecode.swift; path = DetailsPersonageViewModel.swift; sourceTree = "<group>"; };
		70CF8F312ADADF69006E4971 /* PersonageCell.swift */ = {isa = PBXFileReference; lastKnownFileType = sourcecode.swift; path = PersonageCell.swift; sourceTree = "<group>"; };
		70CF8F382ADAE59C006E4971 /* MainViewController+TableView.swift */ = {isa = PBXFileReference; lastKnownFileType = sourcecode.swift; path = "MainViewController+TableView.swift"; sourceTree = "<group>"; };
		70CF8F3A2ADAE5E0006E4971 /* UIColorExtensions.swift */ = {isa = PBXFileReference; lastKnownFileType = sourcecode.swift; path = UIColorExtensions.swift; sourceTree = "<group>"; };
		70CF8F3C2ADBC290006E4971 /* UIView.swift */ = {isa = PBXFileReference; lastKnownFileType = sourcecode.swift; path = UIView.swift; sourceTree = "<group>"; };
		70FD207B2AFA29DB00A3E72F /* GoogleService-Info.plist */ = {isa = PBXFileReference; fileEncoding = 4; lastKnownFileType = text.plist.xml; path = "GoogleService-Info.plist"; sourceTree = "<group>"; };
		70FD20B42AFA2AD800A3E72F /* LoginViewController.swift */ = {isa = PBXFileReference; lastKnownFileType = sourcecode.swift; path = LoginViewController.swift; sourceTree = "<group>"; };
		70FD20B62AFA365700A3E72F /* LoginViewController+ConfigView.swift */ = {isa = PBXFileReference; lastKnownFileType = sourcecode.swift; path = "LoginViewController+ConfigView.swift"; sourceTree = "<group>"; };
		70FD20BA2AFA41D300A3E72F /* User.swift */ = {isa = PBXFileReference; lastKnownFileType = sourcecode.swift; path = User.swift; sourceTree = "<group>"; };
		70FD20BD2AFA5FB800A3E72F /* LogoutViewController.swift */ = {isa = PBXFileReference; lastKnownFileType = sourcecode.swift; path = LogoutViewController.swift; sourceTree = "<group>"; };
		70FD20C02AFBDC2D00A3E72F /* TabBarController.swift */ = {isa = PBXFileReference; lastKnownFileType = sourcecode.swift; path = TabBarController.swift; sourceTree = "<group>"; };
/* End PBXFileReference section */

/* Begin PBXFrameworksBuildPhase section */
		70CF8EF82ADACE24006E4971 /* Frameworks */ = {
			isa = PBXFrameworksBuildPhase;
			buildActionMask = 2147483647;
			files = (
				70CF8F352ADAE31C006E4971 /* SnapKit in Frameworks */,
				70CF8F302ADADE07006E4971 /* SDWebImageMapKit in Frameworks */,
				70CF8F2E2ADADE07006E4971 /* SDWebImage in Frameworks */,
				70CF8F372ADAE31C006E4971 /* SnapKit-Dynamic in Frameworks */,
				70FD208B2AFA2A2700A3E72F /* FirebaseAuth in Frameworks */,
				70FD20912AFA2A2700A3E72F /* FirebaseDatabase in Frameworks */,
			);
			runOnlyForDeploymentPostprocessing = 0;
		};
/* End PBXFrameworksBuildPhase section */

/* Begin PBXGroup section */
		70291F2A2ADD0AA500B7920A /* DetailsPersonageViewController */ = {
			isa = PBXGroup;
			children = (
				70291F2B2ADD0ACD00B7920A /* DetailsPersonageViewController.swift */,
				70291F332ADD584B00B7920A /* DetailsPersonageViewController+TableView.swift */,
			);
			path = DetailsPersonageViewController;
			sourceTree = "<group>";
		};
		705AEAB32AEFAA68002014A9 /* LoginViewController */ = {
			isa = PBXGroup;
			children = (
				70FD20B42AFA2AD800A3E72F /* LoginViewController.swift */,
				70FD20B62AFA365700A3E72F /* LoginViewController+ConfigView.swift */,
			);
			path = LoginViewController;
			sourceTree = "<group>";
		};
		70CF8EF22ADACE24006E4971 = {
			isa = PBXGroup;
			children = (
				70CF8EFD2ADACE24006E4971 /* RickAndMorty */,
				70CF8EFC2ADACE24006E4971 /* Products */,
			);
			sourceTree = "<group>";
		};
		70CF8EFC2ADACE24006E4971 /* Products */ = {
			isa = PBXGroup;
			children = (
				70CF8EFB2ADACE24006E4971 /* RickAndMorty.app */,
			);
			name = Products;
			sourceTree = "<group>";
		};
		70CF8EFD2ADACE24006E4971 /* RickAndMorty */ = {
			isa = PBXGroup;
			children = (
				70CF8F1A2ADAD1E6006E4971 /* Networking */,
				70CF8F192ADAD1DE006E4971 /* Extensions */,
				70CF8F182ADAD1D9006E4971 /* Resources */,
				70CF8F172ADAD1D1006E4971 /* Classes */,
				70CF8F162ADAD1CA006E4971 /* Model */,
				70CF8F142ADAD1BB006E4971 /* Controllers */,
				70CF8F132ADAD1AE006E4971 /* ViewModel */,
				70CF8F122ADAD1A7006E4971 /* View */,
				70CF8F0C2ADACE26006E4971 /* Info.plist */,
				70CF8EFE2ADACE24006E4971 /* AppDelegate.swift */,
				70CF8F002ADACE24006E4971 /* SceneDelegate.swift */,
				70FD207B2AFA29DB00A3E72F /* GoogleService-Info.plist */,
			);
			path = RickAndMorty;
			sourceTree = "<group>";
		};
		70CF8F122ADAD1A7006E4971 /* View */ = {
			isa = PBXGroup;
			children = (
				70291F2F2ADD49E900B7920A /* BaseTableViewCell.swift */,
				70CF8F312ADADF69006E4971 /* PersonageCell.swift */,
				70CF8F092ADACE26006E4971 /* LaunchScreen.storyboard */,
				70291F312ADD4C1A00B7920A /* EpisodeCell.swift */,
			);
			path = View;
			sourceTree = "<group>";
		};
		70CF8F132ADAD1AE006E4971 /* ViewModel */ = {
			isa = PBXGroup;
			children = (
				70FD20C62AFCC8C100A3E72F /* MainViewModel */,
				70FD20C72AFCC8DD00A3E72F /* DetailsPersonageViewModel */,
			);
			path = ViewModel;
			sourceTree = "<group>";
		};
		70CF8F142ADAD1BB006E4971 /* Controllers */ = {
			isa = PBXGroup;
			children = (
				70FD20BC2AFA5FA000A3E72F /* LogoutViewController */,
				70CF8F1D2ADAD225006E4971 /* MainViewController */,
				705AEAB32AEFAA68002014A9 /* LoginViewController */,
				70FD20BF2AFBDC0A00A3E72F /* TabBarController */,
			);
			path = Controllers;
			sourceTree = "<group>";
		};
		70CF8F162ADAD1CA006E4971 /* Model */ = {
			isa = PBXGroup;
			children = (
				70CF8F262ADAD536006E4971 /* Model.swift */,
				70FD20BA2AFA41D300A3E72F /* User.swift */,
			);
			path = Model;
			sourceTree = "<group>";
		};
		70CF8F172ADAD1D1006E4971 /* Classes */ = {
			isa = PBXGroup;
			children = (
				70CF8F202ADAD26C006E4971 /* Observable.swift */,
			);
			path = Classes;
			sourceTree = "<group>";
		};
		70CF8F182ADAD1D9006E4971 /* Resources */ = {
			isa = PBXGroup;
			children = (
				70CF8F072ADACE26006E4971 /* Assets.xcassets */,
			);
			path = Resources;
			sourceTree = "<group>";
		};
		70CF8F192ADAD1DE006E4971 /* Extensions */ = {
			isa = PBXGroup;
			children = (
				70CF8F3A2ADAE5E0006E4971 /* UIColorExtensions.swift */,
				70CF8F3C2ADBC290006E4971 /* UIView.swift */,
			);
			path = Extensions;
			sourceTree = "<group>";
		};
		70CF8F1A2ADAD1E6006E4971 /* Networking */ = {
			isa = PBXGroup;
			children = (
				70CF8F222ADAD289006E4971 /* NetworkConstant.swift */,
				70CF8F242ADAD295006E4971 /* APICaller.swift */,
			);
			path = Networking;
			sourceTree = "<group>";
		};
		70CF8F1D2ADAD225006E4971 /* MainViewController */ = {
			isa = PBXGroup;
			children = (
				70CF8F022ADACE24006E4971 /* MainViewController.swift */,
				70CF8F382ADAE59C006E4971 /* MainViewController+TableView.swift */,
				70291F2A2ADD0AA500B7920A /* DetailsPersonageViewController */,
			);
			path = MainViewController;
			sourceTree = "<group>";
		};
		70FD20BC2AFA5FA000A3E72F /* LogoutViewController */ = {
			isa = PBXGroup;
			children = (
				70FD20BD2AFA5FB800A3E72F /* LogoutViewController.swift */,
			);
			path = LogoutViewController;
			sourceTree = "<group>";
		};
		70FD20BF2AFBDC0A00A3E72F /* TabBarController */ = {
			isa = PBXGroup;
			children = (
				70FD20C02AFBDC2D00A3E72F /* TabBarController.swift */,
			);
			path = TabBarController;
			sourceTree = "<group>";
		};
		70FD20C62AFCC8C100A3E72F /* MainViewModel */ = {
			isa = PBXGroup;
			children = (
				70CF8F1E2ADAD23B006E4971 /* MainViewModel.swift */,
				70CF8F282ADADB99006E4971 /* PersonageTableCellViewModel.swift */,
			);
			path = MainViewModel;
			sourceTree = "<group>";
		};
		70FD20C72AFCC8DD00A3E72F /* DetailsPersonageViewModel */ = {
			isa = PBXGroup;
			children = (
				70CF8F2A2ADADBB5006E4971 /* DetailsPersonageViewModel.swift */,
				70291F2D2ADD31C900B7920A /* EpisodeTableCellViewModel.swift */,
			);
			path = DetailsPersonageViewModel;
			sourceTree = "<group>";
		};
/* End PBXGroup section */

/* Begin PBXNativeTarget section */
		70CF8EFA2ADACE24006E4971 /* RickAndMorty */ = {
			isa = PBXNativeTarget;
			buildConfigurationList = 70CF8F0F2ADACE26006E4971 /* Build configuration list for PBXNativeTarget "RickAndMorty" */;
			buildPhases = (
				70CF8EF72ADACE24006E4971 /* Sources */,
				70CF8EF82ADACE24006E4971 /* Frameworks */,
				70CF8EF92ADACE24006E4971 /* Resources */,
			);
			buildRules = (
			);
			dependencies = (
			);
			name = RickAndMorty;
			packageProductDependencies = (
				70CF8F2D2ADADE07006E4971 /* SDWebImage */,
				70CF8F2F2ADADE07006E4971 /* SDWebImageMapKit */,
				70CF8F342ADAE31C006E4971 /* SnapKit */,
				70CF8F362ADAE31C006E4971 /* SnapKit-Dynamic */,
				70FD208A2AFA2A2700A3E72F /* FirebaseAuth */,
				70FD20902AFA2A2700A3E72F /* FirebaseDatabase */,
			);
			productName = RickAndMorty;
			productReference = 70CF8EFB2ADACE24006E4971 /* RickAndMorty.app */;
			productType = "com.apple.product-type.application";
		};
/* End PBXNativeTarget section */

/* Begin PBXProject section */
		70CF8EF32ADACE24006E4971 /* Project object */ = {
			isa = PBXProject;
			attributes = {
				BuildIndependentTargetsInParallel = 1;
				LastSwiftUpdateCheck = 1500;
				LastUpgradeCheck = 1500;
				TargetAttributes = {
					70CF8EFA2ADACE24006E4971 = {
						CreatedOnToolsVersion = 15.0;
					};
				};
			};
			buildConfigurationList = 70CF8EF62ADACE24006E4971 /* Build configuration list for PBXProject "RickAndMorty" */;
			compatibilityVersion = "Xcode 14.0";
			developmentRegion = en;
			hasScannedForEncodings = 0;
			knownRegions = (
				en,
				Base,
			);
			mainGroup = 70CF8EF22ADACE24006E4971;
			packageReferences = (
				70CF8F2C2ADADE07006E4971 /* XCRemoteSwiftPackageReference "SDWebImage" */,
				70CF8F332ADAE31C006E4971 /* XCRemoteSwiftPackageReference "SnapKit" */,
				70FD207D2AFA2A2700A3E72F /* XCRemoteSwiftPackageReference "firebase-ios-sdk" */,
			);
			productRefGroup = 70CF8EFC2ADACE24006E4971 /* Products */;
			projectDirPath = "";
			projectRoot = "";
			targets = (
				70CF8EFA2ADACE24006E4971 /* RickAndMorty */,
			);
		};
/* End PBXProject section */

/* Begin PBXResourcesBuildPhase section */
		70CF8EF92ADACE24006E4971 /* Resources */ = {
			isa = PBXResourcesBuildPhase;
			buildActionMask = 2147483647;
			files = (
				70CF8F0B2ADACE26006E4971 /* LaunchScreen.storyboard in Resources */,
				70CF8F082ADACE26006E4971 /* Assets.xcassets in Resources */,
				70FD207C2AFA29DB00A3E72F /* GoogleService-Info.plist in Resources */,
			);
			runOnlyForDeploymentPostprocessing = 0;
		};
/* End PBXResourcesBuildPhase section */

/* Begin PBXSourcesBuildPhase section */
		70CF8EF72ADACE24006E4971 /* Sources */ = {
			isa = PBXSourcesBuildPhase;
			buildActionMask = 2147483647;
			files = (
				70CF8F1F2ADAD23B006E4971 /* MainViewModel.swift in Sources */,
				70CF8F212ADAD26C006E4971 /* Observable.swift in Sources */,
				70FD20B72AFA365700A3E72F /* LoginViewController+ConfigView.swift in Sources */,
				70291F2C2ADD0ACD00B7920A /* DetailsPersonageViewController.swift in Sources */,
				70CF8F032ADACE24006E4971 /* MainViewController.swift in Sources */,
				70CF8F252ADAD295006E4971 /* APICaller.swift in Sources */,
				70CF8EFF2ADACE24006E4971 /* AppDelegate.swift in Sources */,
				70CF8F232ADAD289006E4971 /* NetworkConstant.swift in Sources */,
				70291F2E2ADD31C900B7920A /* EpisodeTableCellViewModel.swift in Sources */,
				70FD20C12AFBDC2D00A3E72F /* TabBarController.swift in Sources */,
				70FD20B52AFA2AD800A3E72F /* LoginViewController.swift in Sources */,
				70FD20BE2AFA5FB800A3E72F /* LogoutViewController.swift in Sources */,
				70FD20BB2AFA41D300A3E72F /* User.swift in Sources */,
				70CF8F322ADADF6A006E4971 /* PersonageCell.swift in Sources */,
				70CF8F392ADAE59C006E4971 /* MainViewController+TableView.swift in Sources */,
				70291F342ADD584B00B7920A /* DetailsPersonageViewController+TableView.swift in Sources */,
				70CF8F012ADACE24006E4971 /* SceneDelegate.swift in Sources */,
				70CF8F3B2ADAE5E0006E4971 /* UIColorExtensions.swift in Sources */,
				70291F302ADD49E900B7920A /* BaseTableViewCell.swift in Sources */,
				70CF8F3D2ADBC290006E4971 /* UIView.swift in Sources */,
				70CF8F272ADAD536006E4971 /* Model.swift in Sources */,
				70CF8F2B2ADADBB5006E4971 /* DetailsPersonageViewModel.swift in Sources */,
				70CF8F292ADADB99006E4971 /* PersonageTableCellViewModel.swift in Sources */,
				70291F322ADD4C1A00B7920A /* EpisodeCell.swift in Sources */,
			);
			runOnlyForDeploymentPostprocessing = 0;
		};
/* End PBXSourcesBuildPhase section */

/* Begin PBXVariantGroup section */
		70CF8F092ADACE26006E4971 /* LaunchScreen.storyboard */ = {
			isa = PBXVariantGroup;
			children = (
				70CF8F0A2ADACE26006E4971 /* Base */,
			);
			name = LaunchScreen.storyboard;
			sourceTree = "<group>";
		};
/* End PBXVariantGroup section */

/* Begin XCBuildConfiguration section */
		70CF8F0D2ADACE26006E4971 /* Debug */ = {
			isa = XCBuildConfiguration;
			buildSettings = {
				ALWAYS_SEARCH_USER_PATHS = NO;
				ASSETCATALOG_COMPILER_GENERATE_SWIFT_ASSET_SYMBOL_EXTENSIONS = YES;
				CLANG_ANALYZER_NONNULL = YES;
				CLANG_ANALYZER_NUMBER_OBJECT_CONVERSION = YES_AGGRESSIVE;
				CLANG_CXX_LANGUAGE_STANDARD = "gnu++20";
				CLANG_ENABLE_MODULES = YES;
				CLANG_ENABLE_OBJC_ARC = YES;
				CLANG_ENABLE_OBJC_WEAK = YES;
				CLANG_WARN_BLOCK_CAPTURE_AUTORELEASING = YES;
				CLANG_WARN_BOOL_CONVERSION = YES;
				CLANG_WARN_COMMA = YES;
				CLANG_WARN_CONSTANT_CONVERSION = YES;
				CLANG_WARN_DEPRECATED_OBJC_IMPLEMENTATIONS = YES;
				CLANG_WARN_DIRECT_OBJC_ISA_USAGE = YES_ERROR;
				CLANG_WARN_DOCUMENTATION_COMMENTS = YES;
				CLANG_WARN_EMPTY_BODY = YES;
				CLANG_WARN_ENUM_CONVERSION = YES;
				CLANG_WARN_INFINITE_RECURSION = YES;
				CLANG_WARN_INT_CONVERSION = YES;
				CLANG_WARN_NON_LITERAL_NULL_CONVERSION = YES;
				CLANG_WARN_OBJC_IMPLICIT_RETAIN_SELF = YES;
				CLANG_WARN_OBJC_LITERAL_CONVERSION = YES;
				CLANG_WARN_OBJC_ROOT_CLASS = YES_ERROR;
				CLANG_WARN_QUOTED_INCLUDE_IN_FRAMEWORK_HEADER = YES;
				CLANG_WARN_RANGE_LOOP_ANALYSIS = YES;
				CLANG_WARN_STRICT_PROTOTYPES = YES;
				CLANG_WARN_SUSPICIOUS_MOVE = YES;
				CLANG_WARN_UNGUARDED_AVAILABILITY = YES_AGGRESSIVE;
				CLANG_WARN_UNREACHABLE_CODE = YES;
				CLANG_WARN__DUPLICATE_METHOD_MATCH = YES;
				COPY_PHASE_STRIP = NO;
				DEBUG_INFORMATION_FORMAT = dwarf;
				ENABLE_STRICT_OBJC_MSGSEND = YES;
				ENABLE_TESTABILITY = YES;
				ENABLE_USER_SCRIPT_SANDBOXING = YES;
				GCC_C_LANGUAGE_STANDARD = gnu17;
				GCC_DYNAMIC_NO_PIC = NO;
				GCC_NO_COMMON_BLOCKS = YES;
				GCC_OPTIMIZATION_LEVEL = 0;
				GCC_PREPROCESSOR_DEFINITIONS = (
					"DEBUG=1",
					"$(inherited)",
				);
				GCC_WARN_64_TO_32_BIT_CONVERSION = YES;
				GCC_WARN_ABOUT_RETURN_TYPE = YES_ERROR;
				GCC_WARN_UNDECLARED_SELECTOR = YES;
				GCC_WARN_UNINITIALIZED_AUTOS = YES_AGGRESSIVE;
				GCC_WARN_UNUSED_FUNCTION = YES;
				GCC_WARN_UNUSED_VARIABLE = YES;
				IPHONEOS_DEPLOYMENT_TARGET = 17.0;
				LOCALIZATION_PREFERS_STRING_CATALOGS = YES;
				MTL_ENABLE_DEBUG_INFO = INCLUDE_SOURCE;
				MTL_FAST_MATH = YES;
				ONLY_ACTIVE_ARCH = YES;
				SDKROOT = iphoneos;
				SWIFT_ACTIVE_COMPILATION_CONDITIONS = "DEBUG $(inherited)";
				SWIFT_OPTIMIZATION_LEVEL = "-Onone";
			};
			name = Debug;
		};
		70CF8F0E2ADACE26006E4971 /* Release */ = {
			isa = XCBuildConfiguration;
			buildSettings = {
				ALWAYS_SEARCH_USER_PATHS = NO;
				ASSETCATALOG_COMPILER_GENERATE_SWIFT_ASSET_SYMBOL_EXTENSIONS = YES;
				CLANG_ANALYZER_NONNULL = YES;
				CLANG_ANALYZER_NUMBER_OBJECT_CONVERSION = YES_AGGRESSIVE;
				CLANG_CXX_LANGUAGE_STANDARD = "gnu++20";
				CLANG_ENABLE_MODULES = YES;
				CLANG_ENABLE_OBJC_ARC = YES;
				CLANG_ENABLE_OBJC_WEAK = YES;
				CLANG_WARN_BLOCK_CAPTURE_AUTORELEASING = YES;
				CLANG_WARN_BOOL_CONVERSION = YES;
				CLANG_WARN_COMMA = YES;
				CLANG_WARN_CONSTANT_CONVERSION = YES;
				CLANG_WARN_DEPRECATED_OBJC_IMPLEMENTATIONS = YES;
				CLANG_WARN_DIRECT_OBJC_ISA_USAGE = YES_ERROR;
				CLANG_WARN_DOCUMENTATION_COMMENTS = YES;
				CLANG_WARN_EMPTY_BODY = YES;
				CLANG_WARN_ENUM_CONVERSION = YES;
				CLANG_WARN_INFINITE_RECURSION = YES;
				CLANG_WARN_INT_CONVERSION = YES;
				CLANG_WARN_NON_LITERAL_NULL_CONVERSION = YES;
				CLANG_WARN_OBJC_IMPLICIT_RETAIN_SELF = YES;
				CLANG_WARN_OBJC_LITERAL_CONVERSION = YES;
				CLANG_WARN_OBJC_ROOT_CLASS = YES_ERROR;
				CLANG_WARN_QUOTED_INCLUDE_IN_FRAMEWORK_HEADER = YES;
				CLANG_WARN_RANGE_LOOP_ANALYSIS = YES;
				CLANG_WARN_STRICT_PROTOTYPES = YES;
				CLANG_WARN_SUSPICIOUS_MOVE = YES;
				CLANG_WARN_UNGUARDED_AVAILABILITY = YES_AGGRESSIVE;
				CLANG_WARN_UNREACHABLE_CODE = YES;
				CLANG_WARN__DUPLICATE_METHOD_MATCH = YES;
				COPY_PHASE_STRIP = NO;
				DEBUG_INFORMATION_FORMAT = "dwarf-with-dsym";
				ENABLE_NS_ASSERTIONS = NO;
				ENABLE_STRICT_OBJC_MSGSEND = YES;
				ENABLE_USER_SCRIPT_SANDBOXING = YES;
				GCC_C_LANGUAGE_STANDARD = gnu17;
				GCC_NO_COMMON_BLOCKS = YES;
				GCC_WARN_64_TO_32_BIT_CONVERSION = YES;
				GCC_WARN_ABOUT_RETURN_TYPE = YES_ERROR;
				GCC_WARN_UNDECLARED_SELECTOR = YES;
				GCC_WARN_UNINITIALIZED_AUTOS = YES_AGGRESSIVE;
				GCC_WARN_UNUSED_FUNCTION = YES;
				GCC_WARN_UNUSED_VARIABLE = YES;
				IPHONEOS_DEPLOYMENT_TARGET = 17.0;
				LOCALIZATION_PREFERS_STRING_CATALOGS = YES;
				MTL_ENABLE_DEBUG_INFO = NO;
				MTL_FAST_MATH = YES;
				SDKROOT = iphoneos;
				SWIFT_COMPILATION_MODE = wholemodule;
				VALIDATE_PRODUCT = YES;
			};
			name = Release;
		};
		70CF8F102ADACE26006E4971 /* Debug */ = {
			isa = XCBuildConfiguration;
			buildSettings = {
				ASSETCATALOG_COMPILER_APPICON_NAME = AppIcon;
				ASSETCATALOG_COMPILER_GLOBAL_ACCENT_COLOR_NAME = AccentColor;
				CODE_SIGN_STYLE = Automatic;
				CURRENT_PROJECT_VERSION = 1;
				DEVELOPMENT_TEAM = 5Z86D58HPL;
				GENERATE_INFOPLIST_FILE = YES;
				INFOPLIST_FILE = RickAndMorty/Info.plist;
				INFOPLIST_KEY_UIApplicationSupportsIndirectInputEvents = YES;
				INFOPLIST_KEY_UILaunchStoryboardName = LaunchScreen;
				INFOPLIST_KEY_UISupportedInterfaceOrientations_iPad = "UIInterfaceOrientationPortrait UIInterfaceOrientationPortraitUpsideDown UIInterfaceOrientationLandscapeLeft UIInterfaceOrientationLandscapeRight";
				INFOPLIST_KEY_UISupportedInterfaceOrientations_iPhone = "UIInterfaceOrientationPortrait UIInterfaceOrientationLandscapeLeft UIInterfaceOrientationLandscapeRight";
				IPHONEOS_DEPLOYMENT_TARGET = 15.5;
				LD_RUNPATH_SEARCH_PATHS = (
					"$(inherited)",
					"@executable_path/Frameworks",
				);
				MARKETING_VERSION = 1.0;
				PRODUCT_BUNDLE_IDENTIFIER = com.bikmurzin.RickAndMorty;
				PRODUCT_NAME = "$(TARGET_NAME)";
				SWIFT_EMIT_LOC_STRINGS = YES;
				SWIFT_VERSION = 5.0;
				TARGETED_DEVICE_FAMILY = "1,2";
			};
			name = Debug;
		};
		70CF8F112ADACE26006E4971 /* Release */ = {
			isa = XCBuildConfiguration;
			buildSettings = {
				ASSETCATALOG_COMPILER_APPICON_NAME = AppIcon;
				ASSETCATALOG_COMPILER_GLOBAL_ACCENT_COLOR_NAME = AccentColor;
				CODE_SIGN_STYLE = Automatic;
				CURRENT_PROJECT_VERSION = 1;
				DEVELOPMENT_TEAM = 5Z86D58HPL;
				GENERATE_INFOPLIST_FILE = YES;
				INFOPLIST_FILE = RickAndMorty/Info.plist;
				INFOPLIST_KEY_UIApplicationSupportsIndirectInputEvents = YES;
				INFOPLIST_KEY_UILaunchStoryboardName = LaunchScreen;
				INFOPLIST_KEY_UISupportedInterfaceOrientations_iPad = "UIInterfaceOrientationPortrait UIInterfaceOrientationPortraitUpsideDown UIInterfaceOrientationLandscapeLeft UIInterfaceOrientationLandscapeRight";
				INFOPLIST_KEY_UISupportedInterfaceOrientations_iPhone = "UIInterfaceOrientationPortrait UIInterfaceOrientationLandscapeLeft UIInterfaceOrientationLandscapeRight";
				IPHONEOS_DEPLOYMENT_TARGET = 15.5;
				LD_RUNPATH_SEARCH_PATHS = (
					"$(inherited)",
					"@executable_path/Frameworks",
				);
				MARKETING_VERSION = 1.0;
				PRODUCT_BUNDLE_IDENTIFIER = com.bikmurzin.RickAndMorty;
				PRODUCT_NAME = "$(TARGET_NAME)";
				SWIFT_EMIT_LOC_STRINGS = YES;
				SWIFT_VERSION = 5.0;
				TARGETED_DEVICE_FAMILY = "1,2";
			};
			name = Release;
		};
/* End XCBuildConfiguration section */

/* Begin XCConfigurationList section */
		70CF8EF62ADACE24006E4971 /* Build configuration list for PBXProject "RickAndMorty" */ = {
			isa = XCConfigurationList;
			buildConfigurations = (
				70CF8F0D2ADACE26006E4971 /* Debug */,
				70CF8F0E2ADACE26006E4971 /* Release */,
			);
			defaultConfigurationIsVisible = 0;
			defaultConfigurationName = Release;
		};
		70CF8F0F2ADACE26006E4971 /* Build configuration list for PBXNativeTarget "RickAndMorty" */ = {
			isa = XCConfigurationList;
			buildConfigurations = (
				70CF8F102ADACE26006E4971 /* Debug */,
				70CF8F112ADACE26006E4971 /* Release */,
			);
			defaultConfigurationIsVisible = 0;
			defaultConfigurationName = Release;
		};
/* End XCConfigurationList section */

/* Begin XCRemoteSwiftPackageReference section */
		70CF8F2C2ADADE07006E4971 /* XCRemoteSwiftPackageReference "SDWebImage" */ = {
			isa = XCRemoteSwiftPackageReference;
			repositoryURL = "https://github.com/SDWebImage/SDWebImage";
			requirement = {
				kind = upToNextMajorVersion;
				minimumVersion = 5.18.3;
			};
		};
		70CF8F332ADAE31C006E4971 /* XCRemoteSwiftPackageReference "SnapKit" */ = {
			isa = XCRemoteSwiftPackageReference;
			repositoryURL = "https://github.com/SnapKit/SnapKit.git";
			requirement = {
				kind = upToNextMajorVersion;
				minimumVersion = 5.6.0;
			};
		};
		70FD207D2AFA2A2700A3E72F /* XCRemoteSwiftPackageReference "firebase-ios-sdk" */ = {
			isa = XCRemoteSwiftPackageReference;
			repositoryURL = "https://github.com/firebase/firebase-ios-sdk";
			requirement = {
				kind = upToNextMajorVersion;
				minimumVersion = 10.17.0;
			};
		};
/* End XCRemoteSwiftPackageReference section */

/* Begin XCSwiftPackageProductDependency section */
		70CF8F2D2ADADE07006E4971 /* SDWebImage */ = {
			isa = XCSwiftPackageProductDependency;
			package = 70CF8F2C2ADADE07006E4971 /* XCRemoteSwiftPackageReference "SDWebImage" */;
			productName = SDWebImage;
		};
		70CF8F2F2ADADE07006E4971 /* SDWebImageMapKit */ = {
			isa = XCSwiftPackageProductDependency;
			package = 70CF8F2C2ADADE07006E4971 /* XCRemoteSwiftPackageReference "SDWebImage" */;
			productName = SDWebImageMapKit;
		};
		70CF8F342ADAE31C006E4971 /* SnapKit */ = {
			isa = XCSwiftPackageProductDependency;
			package = 70CF8F332ADAE31C006E4971 /* XCRemoteSwiftPackageReference "SnapKit" */;
			productName = SnapKit;
		};
		70CF8F362ADAE31C006E4971 /* SnapKit-Dynamic */ = {
			isa = XCSwiftPackageProductDependency;
			package = 70CF8F332ADAE31C006E4971 /* XCRemoteSwiftPackageReference "SnapKit" */;
			productName = "SnapKit-Dynamic";
		};
		70FD208A2AFA2A2700A3E72F /* FirebaseAuth */ = {
			isa = XCSwiftPackageProductDependency;
			package = 70FD207D2AFA2A2700A3E72F /* XCRemoteSwiftPackageReference "firebase-ios-sdk" */;
			productName = FirebaseAuth;
		};
		70FD20902AFA2A2700A3E72F /* FirebaseDatabase */ = {
			isa = XCSwiftPackageProductDependency;
			package = 70FD207D2AFA2A2700A3E72F /* XCRemoteSwiftPackageReference "firebase-ios-sdk" */;
			productName = FirebaseDatabase;
		};
/* End XCSwiftPackageProductDependency section */
	};
	rootObject = 70CF8EF32ADACE24006E4971 /* Project object */;
}
